// !$*UTF8*$!
{
	archiveVersion = 1;
	classes = {
	};
	objectVersion = 56;
	objects = {

/* Begin PBXBuildFile section */
		68CF10BFD80FDEFF264DDD24 /* Pods_MonopolyPlay.framework in Frameworks */ = {isa = PBXBuildFile; fileRef = 437B7FAE61911B341A19DEAB /* Pods_MonopolyPlay.framework */; };
		B911841929A1550800814EA7 /* AppDelegate.swift in Sources */ = {isa = PBXBuildFile; fileRef = B911841829A1550800814EA7 /* AppDelegate.swift */; };
		B911841B29A1550800814EA7 /* SceneDelegate.swift in Sources */ = {isa = PBXBuildFile; fileRef = B911841A29A1550800814EA7 /* SceneDelegate.swift */; };
		B911841D29A1550800814EA7 /* MainViewController.swift in Sources */ = {isa = PBXBuildFile; fileRef = B911841C29A1550800814EA7 /* MainViewController.swift */; };
		B911842229A1550A00814EA7 /* Assets.xcassets in Resources */ = {isa = PBXBuildFile; fileRef = B911842129A1550A00814EA7 /* Assets.xcassets */; };
		B911842529A1550A00814EA7 /* LaunchScreen.storyboard in Resources */ = {isa = PBXBuildFile; fileRef = B911842329A1550A00814EA7 /* LaunchScreen.storyboard */; };
		B9F1339C29A16E0800C094D6 /* RollDice.swift in Sources */ = {isa = PBXBuildFile; fileRef = B9F1339B29A16E0800C094D6 /* RollDice.swift */; };
		B9F1339E29A1753200C094D6 /* Monopoly.swift in Sources */ = {isa = PBXBuildFile; fileRef = B9F1339D29A1753200C094D6 /* Monopoly.swift */; };
		B9F133A029A1756300C094D6 /* MonopolyBrain.swift in Sources */ = {isa = PBXBuildFile; fileRef = B9F1339F29A1756300C094D6 /* MonopolyBrain.swift */; };
		B9F133A229A17A8C00C094D6 /* Player.swift in Sources */ = {isa = PBXBuildFile; fileRef = B9F133A129A17A8C00C094D6 /* Player.swift */; };
		B9F133A629A17C0900C094D6 /* AllPlayers.swift in Sources */ = {isa = PBXBuildFile; fileRef = B9F133A529A17C0900C094D6 /* AllPlayers.swift */; };
		B9F133A929A1C2D200C094D6 /* FirstPlayerViewController.swift in Sources */ = {isa = PBXBuildFile; fileRef = B9F133A829A1C2D200C094D6 /* FirstPlayerViewController.swift */; };
		B9F133AB29A22C7A00C094D6 /* SecondPlayerViewController.swift in Sources */ = {isa = PBXBuildFile; fileRef = B9F133AA29A22C7A00C094D6 /* SecondPlayerViewController.swift */; };
		B9F133AD29A2342400C094D6 /* HelloViewController.swift in Sources */ = {isa = PBXBuildFile; fileRef = B9F133AC29A2342400C094D6 /* HelloViewController.swift */; };
/* End PBXBuildFile section */

/* Begin PBXFileReference section */
		437B7FAE61911B341A19DEAB /* Pods_MonopolyPlay.framework */ = {isa = PBXFileReference; explicitFileType = wrapper.framework; includeInIndex = 0; path = Pods_MonopolyPlay.framework; sourceTree = BUILT_PRODUCTS_DIR; };
		680A65ADCF7DD791AF5E9F73 /* Pods-MonopolyPlay.release.xcconfig */ = {isa = PBXFileReference; includeInIndex = 1; lastKnownFileType = text.xcconfig; name = "Pods-MonopolyPlay.release.xcconfig"; path = "Target Support Files/Pods-MonopolyPlay/Pods-MonopolyPlay.release.xcconfig"; sourceTree = "<group>"; };
		A1E5C277288D7DEBCB6DCF7C /* Pods-MonopolyPlay.debug.xcconfig */ = {isa = PBXFileReference; includeInIndex = 1; lastKnownFileType = text.xcconfig; name = "Pods-MonopolyPlay.debug.xcconfig"; path = "Target Support Files/Pods-MonopolyPlay/Pods-MonopolyPlay.debug.xcconfig"; sourceTree = "<group>"; };
		B911841529A1550800814EA7 /* MonopolyPlay.app */ = {isa = PBXFileReference; explicitFileType = wrapper.application; includeInIndex = 0; path = MonopolyPlay.app; sourceTree = BUILT_PRODUCTS_DIR; };
		B911841829A1550800814EA7 /* AppDelegate.swift */ = {isa = PBXFileReference; lastKnownFileType = sourcecode.swift; path = AppDelegate.swift; sourceTree = "<group>"; };
		B911841A29A1550800814EA7 /* SceneDelegate.swift */ = {isa = PBXFileReference; lastKnownFileType = sourcecode.swift; path = SceneDelegate.swift; sourceTree = "<group>"; };
		B911841C29A1550800814EA7 /* MainViewController.swift */ = {isa = PBXFileReference; lastKnownFileType = sourcecode.swift; path = MainViewController.swift; sourceTree = "<group>"; };
		B911842129A1550A00814EA7 /* Assets.xcassets */ = {isa = PBXFileReference; lastKnownFileType = folder.assetcatalog; path = Assets.xcassets; sourceTree = "<group>"; };
		B911842429A1550A00814EA7 /* Base */ = {isa = PBXFileReference; lastKnownFileType = file.storyboard; name = Base; path = Base.lproj/LaunchScreen.storyboard; sourceTree = "<group>"; };
		B911842629A1550A00814EA7 /* Info.plist */ = {isa = PBXFileReference; lastKnownFileType = text.plist.xml; path = Info.plist; sourceTree = "<group>"; };
		B9F1339B29A16E0800C094D6 /* RollDice.swift */ = {isa = PBXFileReference; lastKnownFileType = sourcecode.swift; path = RollDice.swift; sourceTree = "<group>"; };
		B9F1339D29A1753200C094D6 /* Monopoly.swift */ = {isa = PBXFileReference; lastKnownFileType = sourcecode.swift; path = Monopoly.swift; sourceTree = "<group>"; };
		B9F1339F29A1756300C094D6 /* MonopolyBrain.swift */ = {isa = PBXFileReference; lastKnownFileType = sourcecode.swift; path = MonopolyBrain.swift; sourceTree = "<group>"; };
		B9F133A129A17A8C00C094D6 /* Player.swift */ = {isa = PBXFileReference; lastKnownFileType = sourcecode.swift; path = Player.swift; sourceTree = "<group>"; };
		B9F133A529A17C0900C094D6 /* AllPlayers.swift */ = {isa = PBXFileReference; lastKnownFileType = sourcecode.swift; path = AllPlayers.swift; sourceTree = "<group>"; };
		B9F133A829A1C2D200C094D6 /* FirstPlayerViewController.swift */ = {isa = PBXFileReference; lastKnownFileType = sourcecode.swift; path = FirstPlayerViewController.swift; sourceTree = "<group>"; };
		B9F133AA29A22C7A00C094D6 /* SecondPlayerViewController.swift */ = {isa = PBXFileReference; lastKnownFileType = sourcecode.swift; path = SecondPlayerViewController.swift; sourceTree = "<group>"; };
		B9F133AC29A2342400C094D6 /* HelloViewController.swift */ = {isa = PBXFileReference; lastKnownFileType = sourcecode.swift; path = HelloViewController.swift; sourceTree = "<group>"; };
/* End PBXFileReference section */

/* Begin PBXFrameworksBuildPhase section */
		B911841229A1550800814EA7 /* Frameworks */ = {
			isa = PBXFrameworksBuildPhase;
			buildActionMask = 2147483647;
			files = (
				68CF10BFD80FDEFF264DDD24 /* Pods_MonopolyPlay.framework in Frameworks */,
			);
			runOnlyForDeploymentPostprocessing = 0;
		};
/* End PBXFrameworksBuildPhase section */

/* Begin PBXGroup section */
		10EF3718DD79CCC054AF3DCB /* Frameworks */ = {
			isa = PBXGroup;
			children = (
				437B7FAE61911B341A19DEAB /* Pods_MonopolyPlay.framework */,
			);
			name = Frameworks;
			sourceTree = "<group>";
		};
		B911840C29A1550800814EA7 = {
			isa = PBXGroup;
			children = (
				B911841729A1550800814EA7 /* MonopolyPlay */,
				B911841629A1550800814EA7 /* Products */,
				E39ECB3C827C8859FEFF9F5D /* Pods */,
				10EF3718DD79CCC054AF3DCB /* Frameworks */,
			);
			sourceTree = "<group>";
		};
		B911841629A1550800814EA7 /* Products */ = {
			isa = PBXGroup;
			children = (
				B911841529A1550800814EA7 /* MonopolyPlay.app */,
			);
			name = Products;
			sourceTree = "<group>";
		};
		B911841729A1550800814EA7 /* MonopolyPlay */ = {
			isa = PBXGroup;
			children = (
				B9F133A729A1C13D00C094D6 /* Model */,
				B93FFD2A29A27BA200E5F896 /* Views */,
				B93FFD2B29A27E7500E5F896 /* Controller */,
				B911841829A1550800814EA7 /* AppDelegate.swift */,
				B911841A29A1550800814EA7 /* SceneDelegate.swift */,
				B911842129A1550A00814EA7 /* Assets.xcassets */,
				B911842329A1550A00814EA7 /* LaunchScreen.storyboard */,
				B911842629A1550A00814EA7 /* Info.plist */,
			);
			path = MonopolyPlay;
			sourceTree = "<group>";
		};
		B93FFD2A29A27BA200E5F896 /* Views */ = {
			isa = PBXGroup;
			children = (
			);
			path = Views;
			sourceTree = "<group>";
		};
		B93FFD2B29A27E7500E5F896 /* Controller */ = {
			isa = PBXGroup;
			children = (
				B911841C29A1550800814EA7 /* MainViewController.swift */,
				B9F133A829A1C2D200C094D6 /* FirstPlayerViewController.swift */,
				B9F133AA29A22C7A00C094D6 /* SecondPlayerViewController.swift */,
				B9F133AC29A2342400C094D6 /* HelloViewController.swift */,
			);
			path = Controller;
			sourceTree = "<group>";
		};
		B9F133A729A1C13D00C094D6 /* Model */ = {
			isa = PBXGroup;
			children = (
				B9F133A529A17C0900C094D6 /* AllPlayers.swift */,
				B9F133A129A17A8C00C094D6 /* Player.swift */,
				B9F1339F29A1756300C094D6 /* MonopolyBrain.swift */,
				B9F1339D29A1753200C094D6 /* Monopoly.swift */,
				B9F1339B29A16E0800C094D6 /* RollDice.swift */,
			);
			path = Model;
			sourceTree = "<group>";
		};
		E39ECB3C827C8859FEFF9F5D /* Pods */ = {
			isa = PBXGroup;
			children = (
				A1E5C277288D7DEBCB6DCF7C /* Pods-MonopolyPlay.debug.xcconfig */,
				680A65ADCF7DD791AF5E9F73 /* Pods-MonopolyPlay.release.xcconfig */,
			);
			path = Pods;
			sourceTree = "<group>";
		};
/* End PBXGroup section */

/* Begin PBXNativeTarget section */
		B911841429A1550800814EA7 /* MonopolyPlay */ = {
			isa = PBXNativeTarget;
			buildConfigurationList = B911842929A1550A00814EA7 /* Build configuration list for PBXNativeTarget "MonopolyPlay" */;
			buildPhases = (
				44FB8D100C34CB7E317C725E /* [CP] Check Pods Manifest.lock */,
				B911841129A1550800814EA7 /* Sources */,
				B911841229A1550800814EA7 /* Frameworks */,
				B911841329A1550800814EA7 /* Resources */,
				44E5DD02E722BE16B5756E67 /* [CP] Embed Pods Frameworks */,
			);
			buildRules = (
			);
			dependencies = (
			);
			name = MonopolyPlay;
			productName = MonopolyPlay;
			productReference = B911841529A1550800814EA7 /* MonopolyPlay.app */;
			productType = "com.apple.product-type.application";
		};
/* End PBXNativeTarget section */

/* Begin PBXProject section */
		B911840D29A1550800814EA7 /* Project object */ = {
			isa = PBXProject;
			attributes = {
				BuildIndependentTargetsInParallel = 1;
				LastSwiftUpdateCheck = 1420;
				LastUpgradeCheck = 1420;
				TargetAttributes = {
					B911841429A1550800814EA7 = {
						CreatedOnToolsVersion = 14.2;
					};
				};
			};
			buildConfigurationList = B911841029A1550800814EA7 /* Build configuration list for PBXProject "MonopolyPlay" */;
			compatibilityVersion = "Xcode 14.0";
			developmentRegion = en;
			hasScannedForEncodings = 0;
			knownRegions = (
				en,
				Base,
			);
			mainGroup = B911840C29A1550800814EA7;
			productRefGroup = B911841629A1550800814EA7 /* Products */;
			projectDirPath = "";
			projectRoot = "";
			targets = (
				B911841429A1550800814EA7 /* MonopolyPlay */,
			);
		};
/* End PBXProject section */

/* Begin PBXResourcesBuildPhase section */
		B911841329A1550800814EA7 /* Resources */ = {
			isa = PBXResourcesBuildPhase;
			buildActionMask = 2147483647;
			files = (
				B911842529A1550A00814EA7 /* LaunchScreen.storyboard in Resources */,
				B911842229A1550A00814EA7 /* Assets.xcassets in Resources */,
			);
			runOnlyForDeploymentPostprocessing = 0;
		};
/* End PBXResourcesBuildPhase section */

/* Begin PBXShellScriptBuildPhase section */
		44E5DD02E722BE16B5756E67 /* [CP] Embed Pods Frameworks */ = {
			isa = PBXShellScriptBuildPhase;
			buildActionMask = 2147483647;
			files = (
			);
			inputFileListPaths = (
				"${PODS_ROOT}/Target Support Files/Pods-MonopolyPlay/Pods-MonopolyPlay-frameworks-${CONFIGURATION}-input-files.xcfilelist",
			);
			name = "[CP] Embed Pods Frameworks";
			outputFileListPaths = (
				"${PODS_ROOT}/Target Support Files/Pods-MonopolyPlay/Pods-MonopolyPlay-frameworks-${CONFIGURATION}-output-files.xcfilelist",
			);
			runOnlyForDeploymentPostprocessing = 0;
			shellPath = /bin/sh;
			shellScript = "\"${PODS_ROOT}/Target Support Files/Pods-MonopolyPlay/Pods-MonopolyPlay-frameworks.sh\"\n";
			showEnvVarsInLog = 0;
		};
		44FB8D100C34CB7E317C725E /* [CP] Check Pods Manifest.lock */ = {
			isa = PBXShellScriptBuildPhase;
			buildActionMask = 2147483647;
			files = (
			);
			inputFileListPaths = (
			);
			inputPaths = (
				"${PODS_PODFILE_DIR_PATH}/Podfile.lock",
				"${PODS_ROOT}/Manifest.lock",
			);
			name = "[CP] Check Pods Manifest.lock";
			outputFileListPaths = (
			);
			outputPaths = (
				"$(DERIVED_FILE_DIR)/Pods-MonopolyPlay-checkManifestLockResult.txt",
			);
			runOnlyForDeploymentPostprocessing = 0;
			shellPath = /bin/sh;
			shellScript = "diff \"${PODS_PODFILE_DIR_PATH}/Podfile.lock\" \"${PODS_ROOT}/Manifest.lock\" > /dev/null\nif [ $? != 0 ] ; then\n    # print error to STDERR\n    echo \"error: The sandbox is not in sync with the Podfile.lock. Run 'pod install' or update your CocoaPods installation.\" >&2\n    exit 1\nfi\n# This output is used by Xcode 'outputs' to avoid re-running this script phase.\necho \"SUCCESS\" > \"${SCRIPT_OUTPUT_FILE_0}\"\n";
			showEnvVarsInLog = 0;
		};
/* End PBXShellScriptBuildPhase section */

/* Begin PBXSourcesBuildPhase section */
		B911841129A1550800814EA7 /* Sources */ = {
			isa = PBXSourcesBuildPhase;
			buildActionMask = 2147483647;
			files = (
				B911841D29A1550800814EA7 /* MainViewController.swift in Sources */,
				B911841929A1550800814EA7 /* AppDelegate.swift in Sources */,
				B9F1339E29A1753200C094D6 /* Monopoly.swift in Sources */,
				B911841B29A1550800814EA7 /* SceneDelegate.swift in Sources */,
				B9F133A629A17C0900C094D6 /* AllPlayers.swift in Sources */,
				B9F133A229A17A8C00C094D6 /* Player.swift in Sources */,
				B9F1339C29A16E0800C094D6 /* RollDice.swift in Sources */,
				B9F133A929A1C2D200C094D6 /* FirstPlayerViewController.swift in Sources */,
				B9F133AB29A22C7A00C094D6 /* SecondPlayerViewController.swift in Sources */,
				B9F133A029A1756300C094D6 /* MonopolyBrain.swift in Sources */,
				B9F133AD29A2342400C094D6 /* HelloViewController.swift in Sources */,
			);
			runOnlyForDeploymentPostprocessing = 0;
		};
/* End PBXSourcesBuildPhase section */

/* Begin PBXVariantGroup section */
		B911842329A1550A00814EA7 /* LaunchScreen.storyboard */ = {
			isa = PBXVariantGroup;
			children = (
				B911842429A1550A00814EA7 /* Base */,
			);
			name = LaunchScreen.storyboard;
			sourceTree = "<group>";
		};
/* End PBXVariantGroup section */

/* Begin XCBuildConfiguration section */
		B911842729A1550A00814EA7 /* Debug */ = {
			isa = XCBuildConfiguration;
			buildSettings = {
				ALWAYS_SEARCH_USER_PATHS = NO;
				CLANG_ANALYZER_NONNULL = YES;
				CLANG_ANALYZER_NUMBER_OBJECT_CONVERSION = YES_AGGRESSIVE;
				CLANG_CXX_LANGUAGE_STANDARD = "gnu++20";
				CLANG_ENABLE_MODULES = YES;
				CLANG_ENABLE_OBJC_ARC = YES;
				CLANG_ENABLE_OBJC_WEAK = YES;
				CLANG_WARN_BLOCK_CAPTURE_AUTORELEASING = YES;
				CLANG_WARN_BOOL_CONVERSION = YES;
				CLANG_WARN_COMMA = YES;
				CLANG_WARN_CONSTANT_CONVERSION = YES;
				CLANG_WARN_DEPRECATED_OBJC_IMPLEMENTATIONS = YES;
				CLANG_WARN_DIRECT_OBJC_ISA_USAGE = YES_ERROR;
				CLANG_WARN_DOCUMENTATION_COMMENTS = YES;
				CLANG_WARN_EMPTY_BODY = YES;
				CLANG_WARN_ENUM_CONVERSION = YES;
				CLANG_WARN_INFINITE_RECURSION = YES;
				CLANG_WARN_INT_CONVERSION = YES;
				CLANG_WARN_NON_LITERAL_NULL_CONVERSION = YES;
				CLANG_WARN_OBJC_IMPLICIT_RETAIN_SELF = YES;
				CLANG_WARN_OBJC_LITERAL_CONVERSION = YES;
				CLANG_WARN_OBJC_ROOT_CLASS = YES_ERROR;
				CLANG_WARN_QUOTED_INCLUDE_IN_FRAMEWORK_HEADER = YES;
				CLANG_WARN_RANGE_LOOP_ANALYSIS = YES;
				CLANG_WARN_STRICT_PROTOTYPES = YES;
				CLANG_WARN_SUSPICIOUS_MOVE = YES;
				CLANG_WARN_UNGUARDED_AVAILABILITY = YES_AGGRESSIVE;
				CLANG_WARN_UNREACHABLE_CODE = YES;
				CLANG_WARN__DUPLICATE_METHOD_MATCH = YES;
				COPY_PHASE_STRIP = NO;
				DEBUG_INFORMATION_FORMAT = dwarf;
				ENABLE_STRICT_OBJC_MSGSEND = YES;
				ENABLE_TESTABILITY = YES;
				GCC_C_LANGUAGE_STANDARD = gnu11;
				GCC_DYNAMIC_NO_PIC = NO;
				GCC_NO_COMMON_BLOCKS = YES;
				GCC_OPTIMIZATION_LEVEL = 0;
				GCC_PREPROCESSOR_DEFINITIONS = (
					"DEBUG=1",
					"$(inherited)",
				);
				GCC_WARN_64_TO_32_BIT_CONVERSION = YES;
				GCC_WARN_ABOUT_RETURN_TYPE = YES_ERROR;
				GCC_WARN_UNDECLARED_SELECTOR = YES;
				GCC_WARN_UNINITIALIZED_AUTOS = YES_AGGRESSIVE;
				GCC_WARN_UNUSED_FUNCTION = YES;
				GCC_WARN_UNUSED_VARIABLE = YES;
				IPHONEOS_DEPLOYMENT_TARGET = 16.2;
				MTL_ENABLE_DEBUG_INFO = INCLUDE_SOURCE;
				MTL_FAST_MATH = YES;
				ONLY_ACTIVE_ARCH = YES;
				SDKROOT = iphoneos;
				SWIFT_ACTIVE_COMPILATION_CONDITIONS = DEBUG;
				SWIFT_OPTIMIZATION_LEVEL = "-Onone";
			};
			name = Debug;
		};
		B911842829A1550A00814EA7 /* Release */ = {
			isa = XCBuildConfiguration;
			buildSettings = {
				ALWAYS_SEARCH_USER_PATHS = NO;
				CLANG_ANALYZER_NONNULL = YES;
				CLANG_ANALYZER_NUMBER_OBJECT_CONVERSION = YES_AGGRESSIVE;
				CLANG_CXX_LANGUAGE_STANDARD = "gnu++20";
				CLANG_ENABLE_MODULES = YES;
				CLANG_ENABLE_OBJC_ARC = YES;
				CLANG_ENABLE_OBJC_WEAK = YES;
				CLANG_WARN_BLOCK_CAPTURE_AUTORELEASING = YES;
				CLANG_WARN_BOOL_CONVERSION = YES;
				CLANG_WARN_COMMA = YES;
				CLANG_WARN_CONSTANT_CONVERSION = YES;
				CLANG_WARN_DEPRECATED_OBJC_IMPLEMENTATIONS = YES;
				CLANG_WARN_DIRECT_OBJC_ISA_USAGE = YES_ERROR;
				CLANG_WARN_DOCUMENTATION_COMMENTS = YES;
				CLANG_WARN_EMPTY_BODY = YES;
				CLANG_WARN_ENUM_CONVERSION = YES;
				CLANG_WARN_INFINITE_RECURSION = YES;
				CLANG_WARN_INT_CONVERSION = YES;
				CLANG_WARN_NON_LITERAL_NULL_CONVERSION = YES;
				CLANG_WARN_OBJC_IMPLICIT_RETAIN_SELF = YES;
				CLANG_WARN_OBJC_LITERAL_CONVERSION = YES;
				CLANG_WARN_OBJC_ROOT_CLASS = YES_ERROR;
				CLANG_WARN_QUOTED_INCLUDE_IN_FRAMEWORK_HEADER = YES;
				CLANG_WARN_RANGE_LOOP_ANALYSIS = YES;
				CLANG_WARN_STRICT_PROTOTYPES = YES;
				CLANG_WARN_SUSPICIOUS_MOVE = YES;
				CLANG_WARN_UNGUARDED_AVAILABILITY = YES_AGGRESSIVE;
				CLANG_WARN_UNREACHABLE_CODE = YES;
				CLANG_WARN__DUPLICATE_METHOD_MATCH = YES;
				COPY_PHASE_STRIP = NO;
				DEBUG_INFORMATION_FORMAT = "dwarf-with-dsym";
				ENABLE_NS_ASSERTIONS = NO;
				ENABLE_STRICT_OBJC_MSGSEND = YES;
				GCC_C_LANGUAGE_STANDARD = gnu11;
				GCC_NO_COMMON_BLOCKS = YES;
				GCC_WARN_64_TO_32_BIT_CONVERSION = YES;
				GCC_WARN_ABOUT_RETURN_TYPE = YES_ERROR;
				GCC_WARN_UNDECLARED_SELECTOR = YES;
				GCC_WARN_UNINITIALIZED_AUTOS = YES_AGGRESSIVE;
				GCC_WARN_UNUSED_FUNCTION = YES;
				GCC_WARN_UNUSED_VARIABLE = YES;
				IPHONEOS_DEPLOYMENT_TARGET = 16.2;
				MTL_ENABLE_DEBUG_INFO = NO;
				MTL_FAST_MATH = YES;
				SDKROOT = iphoneos;
				SWIFT_COMPILATION_MODE = wholemodule;
				SWIFT_OPTIMIZATION_LEVEL = "-O";
				VALIDATE_PRODUCT = YES;
			};
			name = Release;
		};
		B911842A29A1550A00814EA7 /* Debug */ = {
			isa = XCBuildConfiguration;
			baseConfigurationReference = A1E5C277288D7DEBCB6DCF7C /* Pods-MonopolyPlay.debug.xcconfig */;
			buildSettings = {
				ASSETCATALOG_COMPILER_APPICON_NAME = AppIcon;
				ASSETCATALOG_COMPILER_GLOBAL_ACCENT_COLOR_NAME = AccentColor;
				CODE_SIGN_STYLE = Automatic;
				CURRENT_PROJECT_VERSION = 1;
				GENERATE_INFOPLIST_FILE = YES;
				INFOPLIST_FILE = MonopolyPlay/Info.plist;
				INFOPLIST_KEY_UIApplicationSupportsIndirectInputEvents = YES;
				INFOPLIST_KEY_UILaunchStoryboardName = LaunchScreen;
				INFOPLIST_KEY_UISupportedInterfaceOrientations_iPad = "UIInterfaceOrientationPortrait UIInterfaceOrientationPortraitUpsideDown UIInterfaceOrientationLandscapeLeft UIInterfaceOrientationLandscapeRight";
				INFOPLIST_KEY_UISupportedInterfaceOrientations_iPhone = "UIInterfaceOrientationPortrait UIInterfaceOrientationLandscapeLeft UIInterfaceOrientationLandscapeRight";
				LD_RUNPATH_SEARCH_PATHS = (
					"$(inherited)",
					"@executable_path/Frameworks",
				);
				MARKETING_VERSION = 1.0;
				PRODUCT_BUNDLE_IDENTIFIER = com.balausa.MonopolyPlay;
				PRODUCT_NAME = "$(TARGET_NAME)";
				SWIFT_EMIT_LOC_STRINGS = YES;
				SWIFT_VERSION = 5.0;
				TARGETED_DEVICE_FAMILY = "1,2";
			};
			name = Debug;
		};
		B911842B29A1550A00814EA7 /* Release */ = {
			isa = XCBuildConfiguration;
			baseConfigurationReference = 680A65ADCF7DD791AF5E9F73 /* Pods-MonopolyPlay.release.xcconfig */;
			buildSettings = {
				ASSETCATALOG_COMPILER_APPICON_NAME = AppIcon;
				ASSETCATALOG_COMPILER_GLOBAL_ACCENT_COLOR_NAME = AccentColor;
				CODE_SIGN_STYLE = Automatic;
				CURRENT_PROJECT_VERSION = 1;
				GENERATE_INFOPLIST_FILE = YES;
				INFOPLIST_FILE = MonopolyPlay/Info.plist;
				INFOPLIST_KEY_UIApplicationSupportsIndirectInputEvents = YES;
				INFOPLIST_KEY_UILaunchStoryboardName = LaunchScreen;
				INFOPLIST_KEY_UISupportedInterfaceOrientations_iPad = "UIInterfaceOrientationPortrait UIInterfaceOrientationPortraitUpsideDown UIInterfaceOrientationLandscapeLeft UIInterfaceOrientationLandscapeRight";
				INFOPLIST_KEY_UISupportedInterfaceOrientations_iPhone = "UIInterfaceOrientationPortrait UIInterfaceOrientationLandscapeLeft UIInterfaceOrientationLandscapeRight";
				LD_RUNPATH_SEARCH_PATHS = (
					"$(inherited)",
					"@executable_path/Frameworks",
				);
				MARKETING_VERSION = 1.0;
				PRODUCT_BUNDLE_IDENTIFIER = com.balausa.MonopolyPlay;
				PRODUCT_NAME = "$(TARGET_NAME)";
				SWIFT_EMIT_LOC_STRINGS = YES;
				SWIFT_VERSION = 5.0;
				TARGETED_DEVICE_FAMILY = "1,2";
			};
			name = Release;
		};
/* End XCBuildConfiguration section */

/* Begin XCConfigurationList section */
		B911841029A1550800814EA7 /* Build configuration list for PBXProject "MonopolyPlay" */ = {
			isa = XCConfigurationList;
			buildConfigurations = (
				B911842729A1550A00814EA7 /* Debug */,
				B911842829A1550A00814EA7 /* Release */,
			);
			defaultConfigurationIsVisible = 0;
			defaultConfigurationName = Release;
		};
		B911842929A1550A00814EA7 /* Build configuration list for PBXNativeTarget "MonopolyPlay" */ = {
			isa = XCConfigurationList;
			buildConfigurations = (
				B911842A29A1550A00814EA7 /* Debug */,
				B911842B29A1550A00814EA7 /* Release */,
			);
			defaultConfigurationIsVisible = 0;
			defaultConfigurationName = Release;
		};
/* End XCConfigurationList section */
	};
	rootObject = B911840D29A1550800814EA7 /* Project object */;
}
